
Microsoft Visual Studio Solution File, Format Version 12.00
# Visual Studio 2012
Project("{FAE04EC0-301F-11D3-BF4B-00C04F79EFBC}") = "UserAdmin", "src\UserAdmin\UserAdmin.csproj", "{EA683FF4-7931-4461-BA30-F33E3E815638}"
EndProject
Project("{2150E333-8FDC-42A3-9474-1A3956D46DE8}") = "Solution Items", "Solution Items", "{3EFB0742-26EA-4910-8119-06E144A5AADF}"
	ProjectSection(SolutionItems) = preProject
		build.bat = build.bat
		make.bat = make.bat
		package.bat = package.bat
		Rebracer.xml = Rebracer.xml
		restart.bat = restart.bat
		run.bat = run.bat
	EndProjectSection
EndProject
Project("{FAE04EC0-301F-11D3-BF4B-00C04F79EFBC}") = "Smorgasbord.PropertyMetadata", "..\..\Smorgasbord-Development\PropertyMetadata\Smorgasbord.PropertyMetadata.csproj", "{2FD5B1EF-A242-4D99-BB8B-8114A0277A07}"
EndProject
Global
	GlobalSection(SolutionConfigurationPlatforms) = preSolution
		Debug|Any CPU = Debug|Any CPU
		Debug|x64 = Debug|x64
		Release|Any CPU = Release|Any CPU
		Release|x64 = Release|x64
	EndGlobalSection
	GlobalSection(ProjectConfigurationPlatforms) = postSolution
		{EA683FF4-7931-4461-BA30-F33E3E815638}.Debug|Any CPU.ActiveCfg = Debug|x64
		{EA683FF4-7931-4461-BA30-F33E3E815638}.Debug|Any CPU.Build.0 = Debug|x64
		{EA683FF4-7931-4461-BA30-F33E3E815638}.Debug|x64.ActiveCfg = Debug|x64
		{EA683FF4-7931-4461-BA30-F33E3E815638}.Debug|x64.Build.0 = Debug|x64
		{EA683FF4-7931-4461-BA30-F33E3E815638}.Release|Any CPU.ActiveCfg = Release|x64
		{EA683FF4-7931-4461-BA30-F33E3E815638}.Release|Any CPU.Build.0 = Release|x64
		{EA683FF4-7931-4461-BA30-F33E3E815638}.Release|x64.ActiveCfg = Release|x64
		{EA683FF4-7931-4461-BA30-F33E3E815638}.Release|x64.Build.0 = Release|x64
		{2FD5B1EF-A242-4D99-BB8B-8114A0277A07}.Debug|Any CPU.ActiveCfg = Debug|Any CPU
		{2FD5B1EF-A242-4D99-BB8B-8114A0277A07}.Debug|Any CPU.Build.0 = Debug|Any CPU
		{2FD5B1EF-A242-4D99-BB8B-8114A0277A07}.Debug|x64.ActiveCfg = Debug|x64
		{2FD5B1EF-A242-4D99-BB8B-8114A0277A07}.Debug|x64.Build.0 = Debug|x64
		{2FD5B1EF-A242-4D99-BB8B-8114A0277A07}.Release|Any CPU.ActiveCfg = Release|Any CPU
		{2FD5B1EF-A242-4D99-BB8B-8114A0277A07}.Release|Any CPU.Build.0 = Release|Any CPU
		{2FD5B1EF-A242-4D99-BB8B-8114A0277A07}.Release|x64.ActiveCfg = Release|x64
		{2FD5B1EF-A242-4D99-BB8B-8114A0277A07}.Release|x64.Build.0 = Release|x64
	EndGlobalSection
	GlobalSection(SolutionProperties) = preSolution
		HideSolutionNode = FALSE
	EndGlobalSection
EndGlobal
